
Microsoft Visual Studio Solution File, Format Version 12.00
# Visual Studio 15
VisualStudioVersion = 15.0.28307.421
MinimumVisualStudioVersion = 10.0.40219.1
Project("{9A19103F-16F7-4668-BE54-9A1E7A4F7556}") = "CinemaClient", "CinemaClient\CinemaClient.csproj", "{D69A7885-67CA-4735-A53D-79F5B91ED5D6}"
EndProject
Project("{FAE04EC0-301F-11D3-BF4B-00C04F79EFBC}") = "CinemaClient.Spec", "CinemaClient.Spec\CinemaClient.Spec.csproj", "{8B25DBB8-DFE0-455D-B888-01D8EF5E24CB}"
EndProject
Global
	GlobalSection(SolutionConfigurationPlatforms) = preSolution
		Debug|Any CPU = Debug|Any CPU
		Release|Any CPU = Release|Any CPU
	EndGlobalSection
	GlobalSection(ProjectConfigurationPlatforms) = postSolution
		{D69A7885-67CA-4735-A53D-79F5B91ED5D6}.Debug|Any CPU.ActiveCfg = Debug|Any CPU
		{D69A7885-67CA-4735-A53D-79F5B91ED5D6}.Debug|Any CPU.Build.0 = Debug|Any CPU
		{D69A7885-67CA-4735-A53D-79F5B91ED5D6}.Release|Any CPU.ActiveCfg = Release|Any CPU
		{D69A7885-67CA-4735-A53D-79F5B91ED5D6}.Release|Any CPU.Build.0 = Release|Any CPU
		{8B25DBB8-DFE0-455D-B888-01D8EF5E24CB}.Debug|Any CPU.ActiveCfg = Debug|Any CPU
		{8B25DBB8-DFE0-455D-B888-01D8EF5E24CB}.Debug|Any CPU.Build.0 = Debug|Any CPU
		{8B25DBB8-DFE0-455D-B888-01D8EF5E24CB}.Release|Any CPU.ActiveCfg = Release|Any CPU
		{8B25DBB8-DFE0-455D-B888-01D8EF5E24CB}.Release|Any CPU.Build.0 = Release|Any CPU
	EndGlobalSection
	GlobalSection(SolutionProperties) = preSolution
		HideSolutionNode = FALSE
	EndGlobalSection
	GlobalSection(ExtensibilityGlobals) = postSolution
		SolutionGuid = {CE69B2B7-ABED-408E-9BF6-C3F35BBF66CB}
	EndGlobalSection
EndGlobal
